
Microsoft Visual Studio Solution File, Format Version 12.00
# Visual Studio Version 17
VisualStudioVersion = 17.5.33516.290
MinimumVisualStudioVersion = 10.0.40219.1
Project("{FAE04EC0-301F-11D3-BF4B-00C04F79EFBC}") = "mitr", "mitr\mitr.csproj", "{96AD3621-4BA8-4D73-B111-0914BFA9C06A}"
EndProject
Global
	GlobalSection(SolutionConfigurationPlatforms) = preSolution
		Debug|Any CPU = Debug|Any CPU
		Release|Any CPU = Release|Any CPU
	EndGlobalSection
	GlobalSection(ProjectConfigurationPlatforms) = postSolution
		{96AD3621-4BA8-4D73-B111-0914BFA9C06A}.Debug|Any CPU.ActiveCfg = Debug|Any CPU
		{96AD3621-4BA8-4D73-B111-0914BFA9C06A}.Debug|Any CPU.Build.0 = Debug|Any CPU
		{96AD3621-4BA8-4D73-B111-0914BFA9C06A}.Release|Any CPU.ActiveCfg = Release|Any CPU
		{96AD3621-4BA8-4D73-B111-0914BFA9C06A}.Release|Any CPU.Build.0 = Release|Any CPU
	EndGlobalSection
	GlobalSection(SolutionProperties) = preSolution
		HideSolutionNode = FALSE
	EndGlobalSection
	GlobalSection(ExtensibilityGlobals) = postSolution
		SolutionGuid = {79475EAA-5572-41D6-A37A-4346B545663C}
	EndGlobalSection
EndGlobal
